
Microsoft Visual Studio Solution File, Format Version 12.00
# Visual Studio Version 16
VisualStudioVersion = 16.0.31515.178
MinimumVisualStudioVersion = 10.0.40219.1
Project("{FAE04EC0-301F-11D3-BF4B-00C04F79EFBC}") = "ADO_AddressBook", "ADO_AddressBook\ADO_AddressBook.csproj", "{58FFF86E-CCCB-4E48-8E91-EF98F16D5B79}"
EndProject
Project("{FAE04EC0-301F-11D3-BF4B-00C04F79EFBC}") = "ADP_AddressBookTesting", "ADP_AddressBookTesting\ADP_AddressBookTesting.csproj", "{502CCFA3-7264-4BC9-A90E-74BA3A4C82BF}"
EndProject
Global
	GlobalSection(SolutionConfigurationPlatforms) = preSolution
		Debug|Any CPU = Debug|Any CPU
		Release|Any CPU = Release|Any CPU
	EndGlobalSection
	GlobalSection(ProjectConfigurationPlatforms) = postSolution
		{58FFF86E-CCCB-4E48-8E91-EF98F16D5B79}.Debug|Any CPU.ActiveCfg = Debug|Any CPU
		{58FFF86E-CCCB-4E48-8E91-EF98F16D5B79}.Debug|Any CPU.Build.0 = Debug|Any CPU
		{58FFF86E-CCCB-4E48-8E91-EF98F16D5B79}.Release|Any CPU.ActiveCfg = Release|Any CPU
		{58FFF86E-CCCB-4E48-8E91-EF98F16D5B79}.Release|Any CPU.Build.0 = Release|Any CPU
		{502CCFA3-7264-4BC9-A90E-74BA3A4C82BF}.Debug|Any CPU.ActiveCfg = Debug|Any CPU
		{502CCFA3-7264-4BC9-A90E-74BA3A4C82BF}.Debug|Any CPU.Build.0 = Debug|Any CPU
		{502CCFA3-7264-4BC9-A90E-74BA3A4C82BF}.Release|Any CPU.ActiveCfg = Release|Any CPU
		{502CCFA3-7264-4BC9-A90E-74BA3A4C82BF}.Release|Any CPU.Build.0 = Release|Any CPU
	EndGlobalSection
	GlobalSection(SolutionProperties) = preSolution
		HideSolutionNode = FALSE
	EndGlobalSection
	GlobalSection(ExtensibilityGlobals) = postSolution
		SolutionGuid = {0F7E0BF0-CB47-4C38-A367-740B3AF23FB0}
	EndGlobalSection
EndGlobal
